
Microsoft Visual Studio Solution File, Format Version 12.00
# Visual Studio Version 16
VisualStudioVersion = 16.0.33529.622
MinimumVisualStudioVersion = 10.0.40219.1
Project("{FAE04EC0-301F-11D3-BF4B-00C04F79EFBC}") = "DPSApp", "DPSApp\DPSApp.csproj", "{CBE54414-6063-4500-AFCA-34B28A3F2659}"
EndProject
Global
	GlobalSection(SolutionConfigurationPlatforms) = preSolution
		Debug|Any CPU = Debug|Any CPU
		Release|Any CPU = Release|Any CPU
	EndGlobalSection
	GlobalSection(ProjectConfigurationPlatforms) = postSolution
		{CBE54414-6063-4500-AFCA-34B28A3F2659}.Debug|Any CPU.ActiveCfg = Debug|Any CPU
		{CBE54414-6063-4500-AFCA-34B28A3F2659}.Debug|Any CPU.Build.0 = Debug|Any CPU
		{CBE54414-6063-4500-AFCA-34B28A3F2659}.Release|Any CPU.ActiveCfg = Release|Any CPU
		{CBE54414-6063-4500-AFCA-34B28A3F2659}.Release|Any CPU.Build.0 = Release|Any CPU
	EndGlobalSection
	GlobalSection(SolutionProperties) = preSolution
		HideSolutionNode = FALSE
	EndGlobalSection
	GlobalSection(ExtensibilityGlobals) = postSolution
		SolutionGuid = {FDB25BB8-B655-4083-AF0F-98C07B498F79}
	EndGlobalSection
EndGlobal
